
Microsoft Visual Studio Solution File, Format Version 11.00
# Visual Studio 2010
Project("{FAE04EC0-301F-11D3-BF4B-00C04F79EFBC}") = "SocrataClocks", "SocrataClocks.csproj", "{79F775EE-6D58-4191-8A67-D15A46105913}"
EndProject
Project("{FAE04EC0-301F-11D3-BF4B-00C04F79EFBC}") = "MinuteDegreeCalculator", "..\MinuteDegreeCalculator\MinuteDegreeCalculator.csproj", "{E8BAA29E-ED0C-479B-9E02-72EEDA4AB991}"
EndProject
Global
	GlobalSection(SolutionConfigurationPlatforms) = preSolution
		Debug|Any CPU = Debug|Any CPU
		Release|Any CPU = Release|Any CPU
	EndGlobalSection
	GlobalSection(ProjectConfigurationPlatforms) = postSolution
		{79F775EE-6D58-4191-8A67-D15A46105913}.Debug|Any CPU.ActiveCfg = Debug|Any CPU
		{79F775EE-6D58-4191-8A67-D15A46105913}.Debug|Any CPU.Build.0 = Debug|Any CPU
		{79F775EE-6D58-4191-8A67-D15A46105913}.Release|Any CPU.ActiveCfg = Release|Any CPU
		{79F775EE-6D58-4191-8A67-D15A46105913}.Release|Any CPU.Build.0 = Release|Any CPU
		{E8BAA29E-ED0C-479B-9E02-72EEDA4AB991}.Debug|Any CPU.ActiveCfg = Debug|Any CPU
		{E8BAA29E-ED0C-479B-9E02-72EEDA4AB991}.Debug|Any CPU.Build.0 = Debug|Any CPU
		{E8BAA29E-ED0C-479B-9E02-72EEDA4AB991}.Release|Any CPU.ActiveCfg = Release|Any CPU
		{E8BAA29E-ED0C-479B-9E02-72EEDA4AB991}.Release|Any CPU.Build.0 = Release|Any CPU
	EndGlobalSection
	GlobalSection(SolutionProperties) = preSolution
		HideSolutionNode = FALSE
	EndGlobalSection
EndGlobal
